
Microsoft Visual Studio Solution File, Format Version 12.00
# Visual Studio Version 16
VisualStudioVersion = 16.0.29613.14
MinimumVisualStudioVersion = 10.0.40219.1
Project("{FAE04EC0-301F-11D3-BF4B-00C04F79EFBC}") = "Esercitazione", "Esercitazione\Esercitazione.csproj", "{5967E898-2F97-4458-BB22-5D3D18DFF70D}"
EndProject
Global
	GlobalSection(SolutionConfigurationPlatforms) = preSolution
		Debug|Any CPU = Debug|Any CPU
		Release|Any CPU = Release|Any CPU
	EndGlobalSection
	GlobalSection(ProjectConfigurationPlatforms) = postSolution
		{5967E898-2F97-4458-BB22-5D3D18DFF70D}.Debug|Any CPU.ActiveCfg = Debug|Any CPU
		{5967E898-2F97-4458-BB22-5D3D18DFF70D}.Debug|Any CPU.Build.0 = Debug|Any CPU
		{5967E898-2F97-4458-BB22-5D3D18DFF70D}.Release|Any CPU.ActiveCfg = Release|Any CPU
		{5967E898-2F97-4458-BB22-5D3D18DFF70D}.Release|Any CPU.Build.0 = Release|Any CPU
	EndGlobalSection
	GlobalSection(SolutionProperties) = preSolution
		HideSolutionNode = FALSE
	EndGlobalSection
	GlobalSection(ExtensibilityGlobals) = postSolution
		SolutionGuid = {BE5553A7-4F52-42ED-B858-0E972318AE1E}
	EndGlobalSection
EndGlobal
